<?xml version="1.0" encoding="utf-8"?>
<Project ToolsVersion="4.0" xmlns="http://schemas.microsoft.com/developer/msbuild/2003">
  <ItemGroup>
    <Filter Include="Source Files">
      <UniqueIdentifier>{4FC737F1-C7A5-4376-A066-2A32D752A2FF}</UniqueIdentifier>
      <Extensions>cpp;c;cc;cxx;def;odl;idl;hpj;bat;asm;asmx</Extensions>
    </Filter>
    <Filter Include="Header Files">
      <UniqueIdentifier>{93995380-89BD-4b04-88EB-625FBE52EBFB}</UniqueIdentifier>
      <Extensions>h;hh;hpp;hxx;hm;inl;inc;xsd</Extensions>
    </Filter>
    <Filter Include="Resource Files">
      <UniqueIdentifier>{67DA6AB6-F800-4c08-8B7A-83BB121AAD01}</UniqueIdentifier>
      <Extensions>rc;ico;cur;bmp;dlg;rc2;rct;bin;rgs;gif;jpg;jpeg;jpe;resx;tiff;tif;png;wav;mfcribbon-ms</Extensions>
    </Filter>
  </ItemGroup>
  <ItemGroup>
    <ClCompile Include="lodepng.cpp">
      <Filter>Source Files</Filter>
    </ClCompile>
    <ClCompile Include="PixelScaler.cpp">
      <Filter>Source Files</Filter>
    </ClCompile>
    <ClCompile Include="xbrz.cpp">
      <Filter>Source Files</Filter>
    </ClCompile>
  </ItemGroup>
  <ItemGroup>
    <ClInclude Include="lodepng.h">
      <Filter>Header Files</Filter>
    </ClInclude>
    <ClInclude Include="Profiler.h">
      <Filter>Header Files</Filter>
    </ClInclude>
    <ClInclude Include="RandomCpp.h">
      <Filter>Header Files</Filter>
    </ClInclude>
    <ClInclude Include="PixelScaler.h">
      <Filter>Header Files</Filter>
    </ClInclude>
    <ClInclude Include="Parameters.h">
      <Filter>Header Files</Filter>
    </ClInclude>
    <ClInclude Include="xbr.h">
      <Filter>Header Files</Filter>
    </ClInclude>
    <ClInclude Include="FilterCommon.h">
      <Filter>Header Files</Filter>
    </ClInclude>
    <ClInclude Include="Brightness.h">
      <Filter>Header Files</Filter>
    </ClInclude>
    <ClInclude Include="Flip.h">
      <Filter>Header Files</Filter>
    </ClInclude>
    <ClInclude Include="hq.h">
      <Filter>Header Files</Filter>
    </ClInclude>
    <ClInclude Include="Interpolate.h">
      <Filter>Header Files</Filter>
    </ClInclude>
    <ClInclude Include="Interpolate4.h">
      <Filter>Header Files</Filter>
    </ClInclude>
    <ClInclude Include="Interpolate8.h">
      <Filter>Header Files</Filter>
    </ClInclude>
    <ClInclude Include="kreed.h">
      <Filter>Header Files</Filter>
    </ClInclude>
    <ClInclude Include="lq.h">
      <Filter>Header Files</Filter>
    </ClInclude>
    <ClInclude Include="ReverseAA.h">
      <Filter>Header Files</Filter>
    </ClInclude>
    <ClInclude Include="Rotate.h">
      <Filter>Header Files</Filter>
    </ClInclude>
    <ClInclude Include="xbrz.h">
      <Filter>Header Files</Filter>
    </ClInclude>
  </ItemGroup>
</Project>